// !$*UTF8*$!
{
	archiveVersion = 1;
	classes = {
	};
	objectVersion = 56;
	objects = {

/* Begin PBXBuildFile section */
		A10000010000000000000001 /* ApertureApp.swift in Sources */ = {isa = PBXBuildFile; fileRef = A10000020000000000000001 /* ApertureApp.swift */; };
		A10000010000000000000002 /* ContentView.swift in Sources */ = {isa = PBXBuildFile; fileRef = A10000020000000000000002 /* ContentView.swift */; };
		A10000010000000000000003 /* Assets.xcassets in Resources */ = {isa = PBXBuildFile; fileRef = A10000020000000000000003 /* Assets.xcassets */; };
		A10000010000000000000004 /* CameraManager.swift in Sources */ = {isa = PBXBuildFile; fileRef = A10000020000000000000005 /* CameraManager.swift */; };
		A10000010000000000000005 /* CameraPreview.swift in Sources */ = {isa = PBXBuildFile; fileRef = A10000020000000000000006 /* CameraPreview.swift */; };
		A10000010000000000000007 /* LabView.swift in Sources */ = {isa = PBXBuildFile; fileRef = A10000020000000000000008 /* LabView.swift */; };
		A10000010000000000000008 /* PhotoDetailView.swift in Sources */ = {isa = PBXBuildFile; fileRef = A10000020000000000000009 /* PhotoDetailView.swift */; };
		A10000010000000000000009 /* AppModel.swift in Sources */ = {isa = PBXBuildFile; fileRef = A10000020000000000000011 /* AppModel.swift */; };
		A1000001000000000000000A /* CameraModels.swift in Sources */ = {isa = PBXBuildFile; fileRef = A10000020000000000000012 /* CameraModels.swift */; };
		A1000001000000000000000B /* PhotosExporter.swift in Sources */ = {isa = PBXBuildFile; fileRef = A10000020000000000000013 /* PhotosExporter.swift */; };
		A1000001000000000000000C /* ShareSheet.swift in Sources */ = {isa = PBXBuildFile; fileRef = A10000020000000000000014 /* ShareSheet.swift */; };
		A1000001000000000000000D /* ThumbnailService.swift in Sources */ = {isa = PBXBuildFile; fileRef = A10000020000000000000015 /* ThumbnailService.swift */; };
		A1000001000000000000000E /* AppSettings.swift in Sources */ = {isa = PBXBuildFile; fileRef = A10000020000000000000016 /* AppSettings.swift */; };
		A1000001000000000000000F /* DateStamp.swift in Sources */ = {isa = PBXBuildFile; fileRef = A10000020000000000000017 /* DateStamp.swift */; };
		A10000010000000000000010 /* FilmRecipe.swift in Sources */ = {isa = PBXBuildFile; fileRef = A10000020000000000000018 /* FilmRecipe.swift */; };
		A10000010000000000000011 /* MediaModels.swift in Sources */ = {isa = PBXBuildFile; fileRef = A10000020000000000000019 /* MediaModels.swift */; };
		A10000010000000000000012 /* SeededRandomNumberGenerator.swift in Sources */ = {isa = PBXBuildFile; fileRef = A1000002000000000000001A /* SeededRandomNumberGenerator.swift */; };
		A10000010000000000000013 /* FilmProcessingTypes.swift in Sources */ = {isa = PBXBuildFile; fileRef = A1000002000000000000001B /* FilmProcessingTypes.swift */; };
		A10000010000000000000014 /* FilmProcessor.swift in Sources */ = {isa = PBXBuildFile; fileRef = A1000002000000000000001C /* FilmProcessor.swift */; };
		A10000010000000000000015 /* MediaLibrary+Migration.swift in Sources */ = {isa = PBXBuildFile; fileRef = A1000002000000000000001D /* MediaLibrary+Migration.swift */; };
		A10000010000000000000016 /* MediaLibrary+Recovery.swift in Sources */ = {isa = PBXBuildFile; fileRef = A1000002000000000000001E /* MediaLibrary+Recovery.swift */; };
		A10000010000000000000017 /* MediaLibrary+Replacement.swift in Sources */ = {isa = PBXBuildFile; fileRef = A1000002000000000000001F /* MediaLibrary+Replacement.swift */; };
		A10000010000000000000018 /* MediaLibrary+Validation.swift in Sources */ = {isa = PBXBuildFile; fileRef = A10000020000000000000020 /* MediaLibrary+Validation.swift */; };
		A10000010000000000000019 /* MediaLibrary.swift in Sources */ = {isa = PBXBuildFile; fileRef = A10000020000000000000021 /* MediaLibrary.swift */; };
		A1000001000000000000001A /* SettingsStore.swift in Sources */ = {isa = PBXBuildFile; fileRef = A10000020000000000000022 /* SettingsStore.swift */; };
		A1000001000000000000001B /* ThumbnailCacheKey.swift in Sources */ = {isa = PBXBuildFile; fileRef = A10000020000000000000023 /* ThumbnailCacheKey.swift */; };
		A1000001000000000000001C /* ApertureStyle.swift in Sources */ = {isa = PBXBuildFile; fileRef = A10000020000000000000024 /* ApertureStyle.swift */; };
		A1000001000000000000001D /* FilmPickerView.swift in Sources */ = {isa = PBXBuildFile; fileRef = A10000020000000000000025 /* FilmPickerView.swift */; };
		A1000001000000000000001E /* MediaThumbnailView.swift in Sources */ = {isa = PBXBuildFile; fileRef = A10000020000000000000026 /* MediaThumbnailView.swift */; };
		A1000001000000000000001F /* SettingsView.swift in Sources */ = {isa = PBXBuildFile; fileRef = A10000020000000000000027 /* SettingsView.swift */; };
		A10000010000000000000020 /* ZoomableImageView.swift in Sources */ = {isa = PBXBuildFile; fileRef = A10000020000000000000028 /* ZoomableImageView.swift */; };
		A10000010000000000000021 /* CameraManager+VideoCapture.swift in Sources */ = {isa = PBXBuildFile; fileRef = A10000020000000000000029 /* CameraManager+VideoCapture.swift */; };
		A10000010000000000000022 /* VideoProcessor.swift in Sources */ = {isa = PBXBuildFile; fileRef = A1000002000000000000002A /* VideoProcessor.swift */; };
		A10000010000000000000023 /* PrivacyInfo.xcprivacy in Resources */ = {isa = PBXBuildFile; fileRef = A1000002000000000000002B /* PrivacyInfo.xcprivacy */; };
		A10000010000000000000024 /* CameraManager+PhotoCapture.swift in Sources */ = {isa = PBXBuildFile; fileRef = A1000002000000000000002C /* CameraManager+PhotoCapture.swift */; };
		A10000010000000000000025 /* CameraManager+FocusZoom.swift in Sources */ = {isa = PBXBuildFile; fileRef = A1000002000000000000002D /* CameraManager+FocusZoom.swift */; };
		A10000010000000000000026 /* CameraManager+Session.swift in Sources */ = {isa = PBXBuildFile; fileRef = A1000002000000000000002E /* CameraManager+Session.swift */; };
		A10000010000000000000027 /* AppModel+Capture.swift in Sources */ = {isa = PBXBuildFile; fileRef = A1000002000000000000002F /* AppModel+Capture.swift */; };
		A10000010000000000000028 /* AppModel+Library.swift in Sources */ = {isa = PBXBuildFile; fileRef = A10000020000000000000030 /* AppModel+Library.swift */; };
		A10000010000000000000029 /* CameraControls.swift in Sources */ = {isa = PBXBuildFile; fileRef = A10000020000000000000031 /* CameraControls.swift */; };
		A1000001000000000000002A /* FilmProcessor+Effects.swift in Sources */ = {isa = PBXBuildFile; fileRef = A10000020000000000000032 /* FilmProcessor+Effects.swift */; };
		A10000010000000000000C1 /* FilmColorModel.swift in Sources */ = {isa = PBXBuildFile; fileRef = A10000020000000000000C1 /* FilmColorModel.swift */; };
		ADD7988EA7294DC5AC0DCC36 /* FilmStage.swift in Sources */ = {isa = PBXBuildFile; fileRef = 7F8568F086924B49A873C9CB /* FilmStage.swift */; };
		A1000001000000000000002B /* FilmProcessor+Rasterization.swift in Sources */ = {isa = PBXBuildFile; fileRef = A10000020000000000000033 /* FilmProcessor+Rasterization.swift */; };
		A1000001000000000000002C /* FilmProcessor+Overlays.swift in Sources */ = {isa = PBXBuildFile; fileRef = A10000020000000000000034 /* FilmProcessor+Overlays.swift */; };
		A1000001000000000000002D /* MediaLibrary+Types.swift in Sources */ = {isa = PBXBuildFile; fileRef = A10000020000000000000035 /* MediaLibrary+Types.swift */; };
		A1000001000000000000002E /* MediaLibrary+Persistence.swift in Sources */ = {isa = PBXBuildFile; fileRef = A10000020000000000000036 /* MediaLibrary+Persistence.swift */; };
		B10000010000000000000001 /* CameraLogicTests.swift in Sources */ = {isa = PBXBuildFile; fileRef = B10000020000000000000001 /* CameraLogicTests.swift */; };
		B100000100000000000000A1 /* AppModelRecoveryTests.swift in Sources */ = {isa = PBXBuildFile; fileRef = B100000200000000000000A1 /* AppModelRecoveryTests.swift */; };
		B10000010000000000000002 /* FilmProcessorTests.swift in Sources */ = {isa = PBXBuildFile; fileRef = B10000020000000000000002 /* FilmProcessorTests.swift */; };
		B10000010000000000000C1 /* FilmColorModelTests.swift in Sources */ = {isa = PBXBuildFile; fileRef = B10000020000000000000C1 /* FilmColorModelTests.swift */; };
		DD1D779268ED43B4848974DE /* FilmStageTests.swift in Sources */ = {isa = PBXBuildFile; fileRef = 790E2BDA2D0B48F7BC5A6208 /* FilmStageTests.swift */; };
		D0E709E4FF6BDC2AA1BAF3E2 /* AcceptanceRenderTests.swift in Sources */ = {isa = PBXBuildFile; fileRef = E14EF0DC57749D32F464E326 /* AcceptanceRenderTests.swift */; };
		B10000010000000000000003 /* MediaLibraryTests.swift in Sources */ = {isa = PBXBuildFile; fileRef = B10000020000000000000003 /* MediaLibraryTests.swift */; };
		B10000010000000000000004 /* MediaModelsTests.swift in Sources */ = {isa = PBXBuildFile; fileRef = B10000020000000000000004 /* MediaModelsTests.swift */; };
		B10000010000000000000005 /* ReferenceFixtureTests.swift in Sources */ = {isa = PBXBuildFile; fileRef = B10000020000000000000005 /* ReferenceFixtureTests.swift */; };
		B10000010000000000000006 /* SettingsAndCacheTests.swift in Sources */ = {isa = PBXBuildFile; fileRef = B10000020000000000000006 /* SettingsAndCacheTests.swift */; };
		B10000010000000000000007 /* day-portrait.png in Resources */ = {isa = PBXBuildFile; fileRef = B10000020000000000000007 /* day-portrait.png */; };
		B10000010000000000000008 /* hdr-still-life.png in Resources */ = {isa = PBXBuildFile; fileRef = B10000020000000000000008 /* hdr-still-life.png */; };
		B10000010000000000000009 /* night-flash.png in Resources */ = {isa = PBXBuildFile; fileRef = B10000020000000000000009 /* night-flash.png */; };
		B1000001000000000000000A /* VideoProcessorTests.swift in Sources */ = {isa = PBXBuildFile; fileRef = B1000002000000000000000B /* VideoProcessorTests.swift */; };
		236A163ECF1F4D92B8E729ED /* GoldenRenderTests.swift in Sources */ = {isa = PBXBuildFile; fileRef = 11CEBF3501A5499C94EA2355 /* GoldenRenderTests.swift */; };
		6047D15119A64069BC519955 /* golden-day-portrait-aperture-1998.png in Resources */ = {isa = PBXBuildFile; fileRef = B2947AE4AC054E3C8D388312 /* golden-day-portrait-aperture-1998.png */; };
		9EA5A0E76941416E866BEC1A /* golden-day-portrait-aperture-night.png in Resources */ = {isa = PBXBuildFile; fileRef = 6DD6EDF18863463CBD7099DB /* golden-day-portrait-aperture-night.png */; };
		F997DB7D00DB4DD8A4F9D8EB /* golden-day-portrait-aperture-cinema.png in Resources */ = {isa = PBXBuildFile; fileRef = 0CB36B39199B4FB6837AEC90 /* golden-day-portrait-aperture-cinema.png */; };
		3D164AEED5A64584B12F2941 /* golden-day-portrait-aperture-legacy-original.png in Resources */ = {isa = PBXBuildFile; fileRef = 4A080B33961A40C288BFCB81 /* golden-day-portrait-aperture-legacy-original.png */; };
		51BCE42A428E47628EA8CB4C /* golden-night-flash-aperture-1998.png in Resources */ = {isa = PBXBuildFile; fileRef = 0695E67B923C45118336D09D /* golden-night-flash-aperture-1998.png */; };
		C26A1F625C9A4915A479BA58 /* golden-night-flash-aperture-night.png in Resources */ = {isa = PBXBuildFile; fileRef = 24AD0404454F4AD7B5502C77 /* golden-night-flash-aperture-night.png */; };
		BC117A0E15E84DDCBED37EA1 /* golden-night-flash-aperture-cinema.png in Resources */ = {isa = PBXBuildFile; fileRef = 1A86B145D86A44C49D02681C /* golden-night-flash-aperture-cinema.png */; };
		09C15B9C7918425F98DE9067 /* golden-hdr-still-life-aperture-1998.png in Resources */ = {isa = PBXBuildFile; fileRef = 34FD27FFDECD4B3A85F56EF6 /* golden-hdr-still-life-aperture-1998.png */; };
		25D5C3CD95344ED8AA536400 /* golden-hdr-still-life-aperture-night.png in Resources */ = {isa = PBXBuildFile; fileRef = 6D7225069FA140D0AA9AEC17 /* golden-hdr-still-life-aperture-night.png */; };
		D8313E6AE3DC437080A6A2AB /* golden-hdr-still-life-aperture-cinema.png in Resources */ = {isa = PBXBuildFile; fileRef = B01CE757550741A39C739D88 /* golden-hdr-still-life-aperture-cinema.png */; };
		C10000010000000000000001 /* ApertureUITests.swift in Sources */ = {isa = PBXBuildFile; fileRef = C10000020000000000000001 /* ApertureUITests.swift */; };
/* End PBXBuildFile section */

/* Begin PBXFileReference section */
		A10000020000000000000001 /* ApertureApp.swift */ = {isa = PBXFileReference; lastKnownFileType = sourcecode.swift; path = ApertureApp.swift; sourceTree = "<group>"; };
		A10000020000000000000002 /* ContentView.swift */ = {isa = PBXFileReference; lastKnownFileType = sourcecode.swift; path = ContentView.swift; sourceTree = "<group>"; };
		A10000020000000000000003 /* Assets.xcassets */ = {isa = PBXFileReference; lastKnownFileType = folder.assetcatalog; path = Assets.xcassets; sourceTree = "<group>"; };
		A10000020000000000000004 /* Info.plist */ = {isa = PBXFileReference; lastKnownFileType = text.plist.xml; path = Info.plist; sourceTree = "<group>"; };
		A10000020000000000000005 /* CameraManager.swift */ = {isa = PBXFileReference; lastKnownFileType = sourcecode.swift; path = CameraManager.swift; sourceTree = "<group>"; };
		A10000020000000000000006 /* CameraPreview.swift */ = {isa = PBXFileReference; lastKnownFileType = sourcecode.swift; path = CameraPreview.swift; sourceTree = "<group>"; };
		A10000020000000000000008 /* LabView.swift */ = {isa = PBXFileReference; lastKnownFileType = sourcecode.swift; path = LabView.swift; sourceTree = "<group>"; };
		A10000020000000000000009 /* PhotoDetailView.swift */ = {isa = PBXFileReference; lastKnownFileType = sourcecode.swift; path = PhotoDetailView.swift; sourceTree = "<group>"; };
		A10000020000000000000010 /* Aperture.app */ = {isa = PBXFileReference; explicitFileType = wrapper.application; includeInIndex = 0; path = Aperture.app; sourceTree = BUILT_PRODUCTS_DIR; };
		A10000020000000000000011 /* AppModel.swift */ = {isa = PBXFileReference; lastKnownFileType = sourcecode.swift; path = "App/AppModel.swift"; sourceTree = "<group>"; };
		A10000020000000000000012 /* CameraModels.swift */ = {isa = PBXFileReference; lastKnownFileType = sourcecode.swift; path = "Camera/CameraModels.swift"; sourceTree = "<group>"; };
		A10000020000000000000013 /* PhotosExporter.swift */ = {isa = PBXFileReference; lastKnownFileType = sourcecode.swift; path = "Integration/PhotosExporter.swift"; sourceTree = "<group>"; };
		A10000020000000000000014 /* ShareSheet.swift */ = {isa = PBXFileReference; lastKnownFileType = sourcecode.swift; path = "Integration/ShareSheet.swift"; sourceTree = "<group>"; };
		A10000020000000000000015 /* ThumbnailService.swift */ = {isa = PBXFileReference; lastKnownFileType = sourcecode.swift; path = "Integration/ThumbnailService.swift"; sourceTree = "<group>"; };
		A10000020000000000000016 /* AppSettings.swift */ = {isa = PBXFileReference; lastKnownFileType = sourcecode.swift; path = "Models/AppSettings.swift"; sourceTree = "<group>"; };
		A10000020000000000000017 /* DateStamp.swift */ = {isa = PBXFileReference; lastKnownFileType = sourcecode.swift; path = "Models/DateStamp.swift"; sourceTree = "<group>"; };
		A10000020000000000000018 /* FilmRecipe.swift */ = {isa = PBXFileReference; lastKnownFileType = sourcecode.swift; path = "Models/FilmRecipe.swift"; sourceTree = "<group>"; };
		A10000020000000000000019 /* MediaModels.swift */ = {isa = PBXFileReference; lastKnownFileType = sourcecode.swift; path = "Models/MediaModels.swift"; sourceTree = "<group>"; };
		A1000002000000000000001A /* SeededRandomNumberGenerator.swift */ = {isa = PBXFileReference; lastKnownFileType = sourcecode.swift; path = "Models/SeededRandomNumberGenerator.swift"; sourceTree = "<group>"; };
		A1000002000000000000001B /* FilmProcessingTypes.swift */ = {isa = PBXFileReference; lastKnownFileType = sourcecode.swift; path = "Processing/FilmProcessingTypes.swift"; sourceTree = "<group>"; };
		A1000002000000000000001C /* FilmProcessor.swift */ = {isa = PBXFileReference; lastKnownFileType = sourcecode.swift; path = "Processing/FilmProcessor.swift"; sourceTree = "<group>"; };
		A1000002000000000000001D /* MediaLibrary+Migration.swift */ = {isa = PBXFileReference; lastKnownFileType = sourcecode.swift; path = "Storage/MediaLibrary+Migration.swift"; sourceTree = "<group>"; };
		A1000002000000000000001E /* MediaLibrary+Recovery.swift */ = {isa = PBXFileReference; lastKnownFileType = sourcecode.swift; path = "Storage/MediaLibrary+Recovery.swift"; sourceTree = "<group>"; };
		A1000002000000000000001F /* MediaLibrary+Replacement.swift */ = {isa = PBXFileReference; lastKnownFileType = sourcecode.swift; path = "Storage/MediaLibrary+Replacement.swift"; sourceTree = "<group>"; };
		A10000020000000000000020 /* MediaLibrary+Validation.swift */ = {isa = PBXFileReference; lastKnownFileType = sourcecode.swift; path = "Storage/MediaLibrary+Validation.swift"; sourceTree = "<group>"; };
		A10000020000000000000021 /* MediaLibrary.swift */ = {isa = PBXFileReference; lastKnownFileType = sourcecode.swift; path = "Storage/MediaLibrary.swift"; sourceTree = "<group>"; };
		A10000020000000000000022 /* SettingsStore.swift */ = {isa = PBXFileReference; lastKnownFileType = sourcecode.swift; path = "Storage/SettingsStore.swift"; sourceTree = "<group>"; };
		A10000020000000000000023 /* ThumbnailCacheKey.swift */ = {isa = PBXFileReference; lastKnownFileType = sourcecode.swift; path = "Storage/ThumbnailCacheKey.swift"; sourceTree = "<group>"; };
		A10000020000000000000024 /* ApertureStyle.swift */ = {isa = PBXFileReference; lastKnownFileType = sourcecode.swift; path = "UI/ApertureStyle.swift"; sourceTree = "<group>"; };
		A10000020000000000000025 /* FilmPickerView.swift */ = {isa = PBXFileReference; lastKnownFileType = sourcecode.swift; path = "UI/FilmPickerView.swift"; sourceTree = "<group>"; };
		A10000020000000000000026 /* MediaThumbnailView.swift */ = {isa = PBXFileReference; lastKnownFileType = sourcecode.swift; path = "UI/MediaThumbnailView.swift"; sourceTree = "<group>"; };
		A10000020000000000000027 /* SettingsView.swift */ = {isa = PBXFileReference; lastKnownFileType = sourcecode.swift; path = "UI/SettingsView.swift"; sourceTree = "<group>"; };
		A10000020000000000000028 /* ZoomableImageView.swift */ = {isa = PBXFileReference; lastKnownFileType = sourcecode.swift; path = "UI/ZoomableImageView.swift"; sourceTree = "<group>"; };
		A10000020000000000000029 /* CameraManager+VideoCapture.swift */ = {isa = PBXFileReference; lastKnownFileType = sourcecode.swift; path = "Camera/CameraManager+VideoCapture.swift"; sourceTree = "<group>"; };
		A1000002000000000000002A /* VideoProcessor.swift */ = {isa = PBXFileReference; lastKnownFileType = sourcecode.swift; path = "Processing/VideoProcessor.swift"; sourceTree = "<group>"; };
		A1000002000000000000002B /* PrivacyInfo.xcprivacy */ = {isa = PBXFileReference; lastKnownFileType = text.xml; path = PrivacyInfo.xcprivacy; sourceTree = "<group>"; };
		A1000002000000000000002C /* CameraManager+PhotoCapture.swift */ = {isa = PBXFileReference; lastKnownFileType = sourcecode.swift; path = "Camera/CameraManager+PhotoCapture.swift"; sourceTree = "<group>"; };
		A1000002000000000000002D /* CameraManager+FocusZoom.swift */ = {isa = PBXFileReference; lastKnownFileType = sourcecode.swift; path = "Camera/CameraManager+FocusZoom.swift"; sourceTree = "<group>"; };
		A1000002000000000000002E /* CameraManager+Session.swift */ = {isa = PBXFileReference; lastKnownFileType = sourcecode.swift; path = "Camera/CameraManager+Session.swift"; sourceTree = "<group>"; };
		A1000002000000000000002F /* AppModel+Capture.swift */ = {isa = PBXFileReference; lastKnownFileType = sourcecode.swift; path = "App/AppModel+Capture.swift"; sourceTree = "<group>"; };
		A10000020000000000000030 /* AppModel+Library.swift */ = {isa = PBXFileReference; lastKnownFileType = sourcecode.swift; path = "App/AppModel+Library.swift"; sourceTree = "<group>"; };
		A10000020000000000000031 /* CameraControls.swift */ = {isa = PBXFileReference; lastKnownFileType = sourcecode.swift; path = "UI/CameraControls.swift"; sourceTree = "<group>"; };
		A10000020000000000000032 /* FilmProcessor+Effects.swift */ = {isa = PBXFileReference; lastKnownFileType = sourcecode.swift; path = "Processing/FilmProcessor+Effects.swift"; sourceTree = "<group>"; };
		A10000020000000000000C1 /* FilmColorModel.swift */ = {isa = PBXFileReference; lastKnownFileType = sourcecode.swift; path = Processing/FilmColorModel.swift; sourceTree = "<group>"; };
		7F8568F086924B49A873C9CB /* FilmStage.swift */ = {isa = PBXFileReference; lastKnownFileType = sourcecode.swift; path = Processing/FilmStage.swift; sourceTree = "<group>"; };
		A10000020000000000000033 /* FilmProcessor+Rasterization.swift */ = {isa = PBXFileReference; lastKnownFileType = sourcecode.swift; path = "Processing/FilmProcessor+Rasterization.swift"; sourceTree = "<group>"; };
		A10000020000000000000034 /* FilmProcessor+Overlays.swift */ = {isa = PBXFileReference; lastKnownFileType = sourcecode.swift; path = "Processing/FilmProcessor+Overlays.swift"; sourceTree = "<group>"; };
		A10000020000000000000035 /* MediaLibrary+Types.swift */ = {isa = PBXFileReference; lastKnownFileType = sourcecode.swift; path = "Storage/MediaLibrary+Types.swift"; sourceTree = "<group>"; };
		A10000020000000000000036 /* MediaLibrary+Persistence.swift */ = {isa = PBXFileReference; lastKnownFileType = sourcecode.swift; path = "Storage/MediaLibrary+Persistence.swift"; sourceTree = "<group>"; };
		B10000020000000000000001 /* CameraLogicTests.swift */ = {isa = PBXFileReference; lastKnownFileType = sourcecode.swift; path = CameraLogicTests.swift; sourceTree = "<group>"; };
		B100000200000000000000A1 /* AppModelRecoveryTests.swift */ = {isa = PBXFileReference; lastKnownFileType = sourcecode.swift; path = AppModelRecoveryTests.swift; sourceTree = "<group>"; };
		B10000020000000000000002 /* FilmProcessorTests.swift */ = {isa = PBXFileReference; lastKnownFileType = sourcecode.swift; path = FilmProcessorTests.swift; sourceTree = "<group>"; };
		B10000020000000000000C1 /* FilmColorModelTests.swift */ = {isa = PBXFileReference; lastKnownFileType = sourcecode.swift; path = FilmColorModelTests.swift; sourceTree = "<group>"; };
		790E2BDA2D0B48F7BC5A6208 /* FilmStageTests.swift */ = {isa = PBXFileReference; lastKnownFileType = sourcecode.swift; path = FilmStageTests.swift; sourceTree = "<group>"; };
		E14EF0DC57749D32F464E326 /* AcceptanceRenderTests.swift */ = {isa = PBXFileReference; lastKnownFileType = sourcecode.swift; path = AcceptanceRenderTests.swift; sourceTree = "<group>"; };
		B10000020000000000000003 /* MediaLibraryTests.swift */ = {isa = PBXFileReference; lastKnownFileType = sourcecode.swift; path = MediaLibraryTests.swift; sourceTree = "<group>"; };
		B10000020000000000000004 /* MediaModelsTests.swift */ = {isa = PBXFileReference; lastKnownFileType = sourcecode.swift; path = MediaModelsTests.swift; sourceTree = "<group>"; };
		B10000020000000000000005 /* ReferenceFixtureTests.swift */ = {isa = PBXFileReference; lastKnownFileType = sourcecode.swift; path = ReferenceFixtureTests.swift; sourceTree = "<group>"; };
		B10000020000000000000006 /* SettingsAndCacheTests.swift */ = {isa = PBXFileReference; lastKnownFileType = sourcecode.swift; path = SettingsAndCacheTests.swift; sourceTree = "<group>"; };
		B10000020000000000000007 /* day-portrait.png */ = {isa = PBXFileReference; lastKnownFileType = image.png; path = day-portrait.png; sourceTree = "<group>"; };
		B10000020000000000000008 /* hdr-still-life.png */ = {isa = PBXFileReference; lastKnownFileType = image.png; path = hdr-still-life.png; sourceTree = "<group>"; };
		B10000020000000000000009 /* night-flash.png */ = {isa = PBXFileReference; lastKnownFileType = image.png; path = night-flash.png; sourceTree = "<group>"; };
		B10000020000000000000010 /* ApertureTests.xctest */ = {isa = PBXFileReference; explicitFileType = wrapper.cfbundle; includeInIndex = 0; path = ApertureTests.xctest; sourceTree = BUILT_PRODUCTS_DIR; };
		B1000002000000000000000B /* VideoProcessorTests.swift */ = {isa = PBXFileReference; lastKnownFileType = sourcecode.swift; path = VideoProcessorTests.swift; sourceTree = "<group>"; };
		11CEBF3501A5499C94EA2355 /* GoldenRenderTests.swift */ = {isa = PBXFileReference; lastKnownFileType = sourcecode.swift; path = GoldenRenderTests.swift; sourceTree = "<group>"; };
		B2947AE4AC054E3C8D388312 /* golden-day-portrait-aperture-1998.png */ = {isa = PBXFileReference; lastKnownFileType = image.png; path = "golden-day-portrait-aperture-1998.png"; sourceTree = "<group>"; };
		6DD6EDF18863463CBD7099DB /* golden-day-portrait-aperture-night.png */ = {isa = PBXFileReference; lastKnownFileType = image.png; path = "golden-day-portrait-aperture-night.png"; sourceTree = "<group>"; };
		0CB36B39199B4FB6837AEC90 /* golden-day-portrait-aperture-cinema.png */ = {isa = PBXFileReference; lastKnownFileType = image.png; path = "golden-day-portrait-aperture-cinema.png"; sourceTree = "<group>"; };
		4A080B33961A40C288BFCB81 /* golden-day-portrait-aperture-legacy-original.png */ = {isa = PBXFileReference; lastKnownFileType = image.png; path = "golden-day-portrait-aperture-legacy-original.png"; sourceTree = "<group>"; };
		0695E67B923C45118336D09D /* golden-night-flash-aperture-1998.png */ = {isa = PBXFileReference; lastKnownFileType = image.png; path = "golden-night-flash-aperture-1998.png"; sourceTree = "<group>"; };
		24AD0404454F4AD7B5502C77 /* golden-night-flash-aperture-night.png */ = {isa = PBXFileReference; lastKnownFileType = image.png; path = "golden-night-flash-aperture-night.png"; sourceTree = "<group>"; };
		1A86B145D86A44C49D02681C /* golden-night-flash-aperture-cinema.png */ = {isa = PBXFileReference; lastKnownFileType = image.png; path = "golden-night-flash-aperture-cinema.png"; sourceTree = "<group>"; };
		34FD27FFDECD4B3A85F56EF6 /* golden-hdr-still-life-aperture-1998.png */ = {isa = PBXFileReference; lastKnownFileType = image.png; path = "golden-hdr-still-life-aperture-1998.png"; sourceTree = "<group>"; };
		6D7225069FA140D0AA9AEC17 /* golden-hdr-still-life-aperture-night.png */ = {isa = PBXFileReference; lastKnownFileType = image.png; path = "golden-hdr-still-life-aperture-night.png"; sourceTree = "<group>"; };
		B01CE757550741A39C739D88 /* golden-hdr-still-life-aperture-cinema.png */ = {isa = PBXFileReference; lastKnownFileType = image.png; path = "golden-hdr-still-life-aperture-cinema.png"; sourceTree = "<group>"; };
		C10000020000000000000001 /* ApertureUITests.swift */ = {isa = PBXFileReference; lastKnownFileType = sourcecode.swift; path = ApertureUITests.swift; sourceTree = "<group>"; };
		C10000020000000000000002 /* ApertureUITests.xctest */ = {isa = PBXFileReference; explicitFileType = wrapper.cfbundle; includeInIndex = 0; path = ApertureUITests.xctest; sourceTree = BUILT_PRODUCTS_DIR; };
/* End PBXFileReference section */

/* Begin PBXFrameworksBuildPhase section */
		A10000030000000000000001 /* Frameworks */ = {
			isa = PBXFrameworksBuildPhase;
			buildActionMask = 2147483647;
			files = (
			);
			runOnlyForDeploymentPostprocessing = 0;
		};
		B10000030000000000000001 /* Frameworks */ = {
			isa = PBXFrameworksBuildPhase;
			buildActionMask = 2147483647;
			files = (
			);
			runOnlyForDeploymentPostprocessing = 0;
		};
		C10000030000000000000001 /* Frameworks */ = {
			isa = PBXFrameworksBuildPhase;
			buildActionMask = 2147483647;
			files = (
			);
			runOnlyForDeploymentPostprocessing = 0;
		};
/* End PBXFrameworksBuildPhase section */

/* Begin PBXGroup section */
		A10000040000000000000001 /* Root */ = {
			isa = PBXGroup;
			children = (
				A10000040000000000000002 /* Aperture */,
				B10000040000000000000001 /* ApertureTests */,
				C10000040000000000000001 /* ApertureUITests */,
				A10000040000000000000003 /* Products */,
			);
			sourceTree = "<group>";
		};
		A10000040000000000000002 /* Aperture */ = {
			isa = PBXGroup;
			children = (
				A10000020000000000000001 /* ApertureApp.swift */,
				A1000002000000000000002F /* AppModel+Capture.swift */,
				A10000020000000000000030 /* AppModel+Library.swift */,
				A10000020000000000000011 /* AppModel.swift */,
				A10000020000000000000002 /* ContentView.swift */,
				A10000020000000000000012 /* CameraModels.swift */,
				A10000020000000000000005 /* CameraManager.swift */,
				A10000020000000000000029 /* CameraManager+VideoCapture.swift */,
				A1000002000000000000002C /* CameraManager+PhotoCapture.swift */,
				A1000002000000000000002D /* CameraManager+FocusZoom.swift */,
				A1000002000000000000002E /* CameraManager+Session.swift */,
				A10000020000000000000006 /* CameraPreview.swift */,
				A10000020000000000000008 /* LabView.swift */,
				A10000020000000000000009 /* PhotoDetailView.swift */,
				A10000020000000000000013 /* PhotosExporter.swift */,
				A10000020000000000000014 /* ShareSheet.swift */,
				A10000020000000000000015 /* ThumbnailService.swift */,
				A10000020000000000000016 /* AppSettings.swift */,
				A10000020000000000000017 /* DateStamp.swift */,
				A10000020000000000000018 /* FilmRecipe.swift */,
				A10000020000000000000019 /* MediaModels.swift */,
				A1000002000000000000001A /* SeededRandomNumberGenerator.swift */,
				A1000002000000000000001B /* FilmProcessingTypes.swift */,
				A1000002000000000000001C /* FilmProcessor.swift */,
				A10000020000000000000032 /* FilmProcessor+Effects.swift */,
				A10000020000000000000C1 /* FilmColorModel.swift */,
				7F8568F086924B49A873C9CB /* FilmStage.swift */,
				A10000020000000000000033 /* FilmProcessor+Rasterization.swift */,
				A10000020000000000000034 /* FilmProcessor+Overlays.swift */,
				A1000002000000000000002A /* VideoProcessor.swift */,
				A1000002000000000000001D /* MediaLibrary+Migration.swift */,
				A1000002000000000000001E /* MediaLibrary+Recovery.swift */,
				A1000002000000000000001F /* MediaLibrary+Replacement.swift */,
				A10000020000000000000020 /* MediaLibrary+Validation.swift */,
				A10000020000000000000035 /* MediaLibrary+Types.swift */,
				A10000020000000000000036 /* MediaLibrary+Persistence.swift */,
				A10000020000000000000021 /* MediaLibrary.swift */,
				A10000020000000000000022 /* SettingsStore.swift */,
				A10000020000000000000023 /* ThumbnailCacheKey.swift */,
				A10000020000000000000024 /* ApertureStyle.swift */,
				A10000020000000000000025 /* FilmPickerView.swift */,
				A10000020000000000000026 /* MediaThumbnailView.swift */,
				A10000020000000000000027 /* SettingsView.swift */,
				A10000020000000000000031 /* CameraControls.swift */,
				A10000020000000000000028 /* ZoomableImageView.swift */,
				A10000020000000000000003 /* Assets.xcassets */,
				A10000020000000000000004 /* Info.plist */,
				A1000002000000000000002B /* PrivacyInfo.xcprivacy */,
			);
			path = Aperture;
			sourceTree = "<group>";
		};
		A10000040000000000000003 /* Products */ = {
			isa = PBXGroup;
			children = (
				A10000020000000000000010 /* Aperture.app */,
				B10000020000000000000010 /* ApertureTests.xctest */,
				C10000020000000000000002 /* ApertureUITests.xctest */,
			);
			name = Products;
			sourceTree = "<group>";
		};
		B10000040000000000000001 /* ApertureTests */ = {
			isa = PBXGroup;
			children = (
				B100000200000000000000A1 /* AppModelRecoveryTests.swift */,
				B10000020000000000000001 /* CameraLogicTests.swift */,
				B10000020000000000000002 /* FilmProcessorTests.swift */,
				B10000020000000000000C1 /* FilmColorModelTests.swift */,
				790E2BDA2D0B48F7BC5A6208 /* FilmStageTests.swift */,
				E14EF0DC57749D32F464E326 /* AcceptanceRenderTests.swift */,
				B10000020000000000000003 /* MediaLibraryTests.swift */,
				B10000020000000000000004 /* MediaModelsTests.swift */,
				B10000020000000000000005 /* ReferenceFixtureTests.swift */,
				B10000020000000000000006 /* SettingsAndCacheTests.swift */,
				B1000002000000000000000B /* VideoProcessorTests.swift */,
				11CEBF3501A5499C94EA2355 /* GoldenRenderTests.swift */,
				B10000040000000000000002 /* Fixtures */,
			);
			path = ApertureTests;
			sourceTree = "<group>";
		};
		B10000040000000000000002 /* Fixtures */ = {
			isa = PBXGroup;
			children = (
				B10000020000000000000007 /* day-portrait.png */,
				B10000020000000000000008 /* hdr-still-life.png */,
				B10000020000000000000009 /* night-flash.png */,
				B2947AE4AC054E3C8D388312 /* golden-day-portrait-aperture-1998.png */,
				6DD6EDF18863463CBD7099DB /* golden-day-portrait-aperture-night.png */,
				0CB36B39199B4FB6837AEC90 /* golden-day-portrait-aperture-cinema.png */,
				4A080B33961A40C288BFCB81 /* golden-day-portrait-aperture-legacy-original.png */,
				0695E67B923C45118336D09D /* golden-night-flash-aperture-1998.png */,
				24AD0404454F4AD7B5502C77 /* golden-night-flash-aperture-night.png */,
				1A86B145D86A44C49D02681C /* golden-night-flash-aperture-cinema.png */,
				34FD27FFDECD4B3A85F56EF6 /* golden-hdr-still-life-aperture-1998.png */,
				6D7225069FA140D0AA9AEC17 /* golden-hdr-still-life-aperture-night.png */,
				B01CE757550741A39C739D88 /* golden-hdr-still-life-aperture-cinema.png */,
			);
			path = Fixtures;
			sourceTree = "<group>";
		};
		C10000040000000000000001 /* ApertureUITests */ = {
			isa = PBXGroup;
			children = (
				C10000020000000000000001 /* ApertureUITests.swift */,
			);
			path = ApertureUITests;
			sourceTree = "<group>";
		};
/* End PBXGroup section */

/* Begin PBXNativeTarget section */
		A10000050000000000000001 /* Aperture */ = {
			isa = PBXNativeTarget;
			buildConfigurationList = A10000070000000000000001 /* Build configuration list for PBXNativeTarget "Aperture" */;
			buildPhases = (
				A10000060000000000000001 /* Sources */,
				A10000030000000000000001 /* Frameworks */,
				A10000060000000000000002 /* Resources */,
			);
			buildRules = (
			);
			dependencies = (
			);
			name = Aperture;
			productName = Aperture;
			productReference = A10000020000000000000010 /* Aperture.app */;
			productType = "com.apple.product-type.application";
		};
		B10000050000000000000001 /* ApertureTests */ = {
			isa = PBXNativeTarget;
			buildConfigurationList = B10000070000000000000001 /* Build configuration list for PBXNativeTarget "ApertureTests" */;
			buildPhases = (
				B10000060000000000000001 /* Sources */,
				B10000030000000000000001 /* Frameworks */,
				B10000060000000000000002 /* Resources */,
			);
			buildRules = (
			);
			dependencies = (
				B100000D0000000000000001 /* PBXTargetDependency */,
			);
			name = ApertureTests;
			productName = ApertureTests;
			productReference = B10000020000000000000010 /* ApertureTests.xctest */;
			productType = "com.apple.product-type.bundle.unit-test";
		};
		C10000050000000000000001 /* ApertureUITests */ = {
			isa = PBXNativeTarget;
			buildConfigurationList = C10000070000000000000001 /* Build configuration list for PBXNativeTarget "ApertureUITests" */;
			buildPhases = (
				C10000060000000000000001 /* Sources */,
				C10000030000000000000001 /* Frameworks */,
				C10000060000000000000002 /* Resources */,
			);
			buildRules = (
			);
			dependencies = (
				C100000D0000000000000001 /* PBXTargetDependency */,
			);
			name = ApertureUITests;
			productName = ApertureUITests;
			productReference = C10000020000000000000002 /* ApertureUITests.xctest */;
			productType = "com.apple.product-type.bundle.ui-testing";
		};
/* End PBXNativeTarget section */

/* Begin PBXContainerItemProxy section */
		B100000C0000000000000001 /* PBXContainerItemProxy */ = {
			isa = PBXContainerItemProxy;
			containerPortal = A10000080000000000000001 /* Project object */;
			proxyType = 1;
			remoteGlobalIDString = A10000050000000000000001;
			remoteInfo = Aperture;
		};
		C100000C0000000000000001 /* PBXContainerItemProxy */ = {
			isa = PBXContainerItemProxy;
			containerPortal = A10000080000000000000001 /* Project object */;
			proxyType = 1;
			remoteGlobalIDString = A10000050000000000000001;
			remoteInfo = Aperture;
		};
/* End PBXContainerItemProxy section */

/* Begin PBXTargetDependency section */
		B100000D0000000000000001 /* PBXTargetDependency */ = {
			isa = PBXTargetDependency;
			target = A10000050000000000000001 /* Aperture */;
			targetProxy = B100000C0000000000000001 /* PBXContainerItemProxy */;
		};
		C100000D0000000000000001 /* PBXTargetDependency */ = {
			isa = PBXTargetDependency;
			target = A10000050000000000000001 /* Aperture */;
			targetProxy = C100000C0000000000000001 /* PBXContainerItemProxy */;
		};
/* End PBXTargetDependency section */

/* Begin PBXProject section */
		A10000080000000000000001 /* Project object */ = {
			isa = PBXProject;
			attributes = {
				BuildIndependentTargetsInParallel = 1;
				LastSwiftUpdateCheck = 1600;
				LastUpgradeCheck = 1600;
				TargetAttributes = {
					A10000050000000000000001 = {
						CreatedOnToolsVersion = 16.0;
					};
					B10000050000000000000001 = {
						CreatedOnToolsVersion = 16.0;
						TestTargetID = A10000050000000000000001;
					};
					C10000050000000000000001 = {
						CreatedOnToolsVersion = 16.0;
						TestTargetID = A10000050000000000000001;
					};
				};
			};
			buildConfigurationList = A10000070000000000000003 /* Build configuration list for PBXProject "Aperture" */;
			compatibilityVersion = "Xcode 14.0";
			developmentRegion = en;
			hasScannedForEncodings = 0;
			knownRegions = (
				en,
				Base,
			);
			mainGroup = A10000040000000000000001 /* Root */;
			productRefGroup = A10000040000000000000003 /* Products */;
			projectDirPath = "";
			projectRoot = "";
			targets = (
				A10000050000000000000001 /* Aperture */,
				B10000050000000000000001 /* ApertureTests */,
				C10000050000000000000001 /* ApertureUITests */,
			);
		};
/* End PBXProject section */

/* Begin PBXResourcesBuildPhase section */
		A10000060000000000000002 /* Resources */ = {
			isa = PBXResourcesBuildPhase;
			buildActionMask = 2147483647;
			files = (
				A10000010000000000000003 /* Assets.xcassets in Resources */,
				A10000010000000000000023 /* PrivacyInfo.xcprivacy in Resources */,
			);
			runOnlyForDeploymentPostprocessing = 0;
		};
		B10000060000000000000002 /* Resources */ = {
			isa = PBXResourcesBuildPhase;
			buildActionMask = 2147483647;
			files = (
				B10000010000000000000007 /* day-portrait.png in Resources */,
				B10000010000000000000008 /* hdr-still-life.png in Resources */,
				B10000010000000000000009 /* night-flash.png in Resources */,
				6047D15119A64069BC519955 /* golden-day-portrait-aperture-1998.png in Resources */,
				9EA5A0E76941416E866BEC1A /* golden-day-portrait-aperture-night.png in Resources */,
				F997DB7D00DB4DD8A4F9D8EB /* golden-day-portrait-aperture-cinema.png in Resources */,
				3D164AEED5A64584B12F2941 /* golden-day-portrait-aperture-legacy-original.png in Resources */,
				51BCE42A428E47628EA8CB4C /* golden-night-flash-aperture-1998.png in Resources */,
				C26A1F625C9A4915A479BA58 /* golden-night-flash-aperture-night.png in Resources */,
				BC117A0E15E84DDCBED37EA1 /* golden-night-flash-aperture-cinema.png in Resources */,
				09C15B9C7918425F98DE9067 /* golden-hdr-still-life-aperture-1998.png in Resources */,
				25D5C3CD95344ED8AA536400 /* golden-hdr-still-life-aperture-night.png in Resources */,
				D8313E6AE3DC437080A6A2AB /* golden-hdr-still-life-aperture-cinema.png in Resources */,
			);
			runOnlyForDeploymentPostprocessing = 0;
		};
		C10000060000000000000002 /* Resources */ = {
			isa = PBXResourcesBuildPhase;
			buildActionMask = 2147483647;
			files = (
			);
			runOnlyForDeploymentPostprocessing = 0;
		};
/* End PBXResourcesBuildPhase section */

/* Begin PBXSourcesBuildPhase section */
		A10000060000000000000001 /* Sources */ = {
			isa = PBXSourcesBuildPhase;
			buildActionMask = 2147483647;
			files = (
				A10000010000000000000001 /* ApertureApp.swift in Sources */,
				A10000010000000000000002 /* ContentView.swift in Sources */,
				A10000010000000000000004 /* CameraManager.swift in Sources */,
				A10000010000000000000005 /* CameraPreview.swift in Sources */,
				A10000010000000000000007 /* LabView.swift in Sources */,
				A10000010000000000000008 /* PhotoDetailView.swift in Sources */,
				A10000010000000000000009 /* AppModel.swift in Sources */,
				A1000001000000000000000A /* CameraModels.swift in Sources */,
				A1000001000000000000000B /* PhotosExporter.swift in Sources */,
				A1000001000000000000000C /* ShareSheet.swift in Sources */,
				A1000001000000000000000D /* ThumbnailService.swift in Sources */,
				A1000001000000000000000E /* AppSettings.swift in Sources */,
				A1000001000000000000000F /* DateStamp.swift in Sources */,
				A10000010000000000000010 /* FilmRecipe.swift in Sources */,
				A10000010000000000000011 /* MediaModels.swift in Sources */,
				A10000010000000000000012 /* SeededRandomNumberGenerator.swift in Sources */,
				A10000010000000000000013 /* FilmProcessingTypes.swift in Sources */,
				A10000010000000000000014 /* FilmProcessor.swift in Sources */,
				A10000010000000000000015 /* MediaLibrary+Migration.swift in Sources */,
				A10000010000000000000016 /* MediaLibrary+Recovery.swift in Sources */,
				A10000010000000000000017 /* MediaLibrary+Replacement.swift in Sources */,
				A10000010000000000000018 /* MediaLibrary+Validation.swift in Sources */,
				A10000010000000000000019 /* MediaLibrary.swift in Sources */,
				A1000001000000000000001A /* SettingsStore.swift in Sources */,
				A1000001000000000000001B /* ThumbnailCacheKey.swift in Sources */,
				A1000001000000000000001C /* ApertureStyle.swift in Sources */,
				A1000001000000000000001D /* FilmPickerView.swift in Sources */,
				A1000001000000000000001E /* MediaThumbnailView.swift in Sources */,
				A1000001000000000000001F /* SettingsView.swift in Sources */,
				A10000010000000000000020 /* ZoomableImageView.swift in Sources */,
				A10000010000000000000021 /* CameraManager+VideoCapture.swift in Sources */,
				A10000010000000000000024 /* CameraManager+PhotoCapture.swift in Sources */,
				A10000010000000000000025 /* CameraManager+FocusZoom.swift in Sources */,
				A10000010000000000000026 /* CameraManager+Session.swift in Sources */,
				A10000010000000000000027 /* AppModel+Capture.swift in Sources */,
				A10000010000000000000028 /* AppModel+Library.swift in Sources */,
				A10000010000000000000029 /* CameraControls.swift in Sources */,
				A1000001000000000000002A /* FilmProcessor+Effects.swift in Sources */,
				A10000010000000000000C1 /* FilmColorModel.swift in Sources */,
				ADD7988EA7294DC5AC0DCC36 /* FilmStage.swift in Sources */,
				A1000001000000000000002B /* FilmProcessor+Rasterization.swift in Sources */,
				A1000001000000000000002C /* FilmProcessor+Overlays.swift in Sources */,
				A1000001000000000000002D /* MediaLibrary+Types.swift in Sources */,
				A1000001000000000000002E /* MediaLibrary+Persistence.swift in Sources */,
				A10000010000000000000022 /* VideoProcessor.swift in Sources */,
			);
			runOnlyForDeploymentPostprocessing = 0;
		};
		B10000060000000000000001 /* Sources */ = {
			isa = PBXSourcesBuildPhase;
			buildActionMask = 2147483647;
			files = (
				B100000100000000000000A1 /* AppModelRecoveryTests.swift in Sources */,
				B10000010000000000000001 /* CameraLogicTests.swift in Sources */,
				B10000010000000000000002 /* FilmProcessorTests.swift in Sources */,
				B10000010000000000000C1 /* FilmColorModelTests.swift in Sources */,
				DD1D779268ED43B4848974DE /* FilmStageTests.swift in Sources */,
				D0E709E4FF6BDC2AA1BAF3E2 /* AcceptanceRenderTests.swift in Sources */,
				B10000010000000000000003 /* MediaLibraryTests.swift in Sources */,
				B10000010000000000000004 /* MediaModelsTests.swift in Sources */,
				B10000010000000000000005 /* ReferenceFixtureTests.swift in Sources */,
				B10000010000000000000006 /* SettingsAndCacheTests.swift in Sources */,
				B1000001000000000000000A /* VideoProcessorTests.swift in Sources */,
				236A163ECF1F4D92B8E729ED /* GoldenRenderTests.swift in Sources */,
			);
			runOnlyForDeploymentPostprocessing = 0;
		};
		C10000060000000000000001 /* Sources */ = {
			isa = PBXSourcesBuildPhase;
			buildActionMask = 2147483647;
			files = (
				C10000010000000000000001 /* ApertureUITests.swift in Sources */,
			);
			runOnlyForDeploymentPostprocessing = 0;
		};
/* End PBXSourcesBuildPhase section */

/* Begin XCBuildConfiguration section */
		A10000090000000000000001 /* Debug */ = {
			isa = XCBuildConfiguration;
			buildSettings = {
				ALWAYS_SEARCH_USER_PATHS = NO;
				ASSETCATALOG_COMPILER_GENERATE_SWIFT_ASSET_SYMBOL_EXTENSIONS = YES;
				CLANG_ANALYZER_NONNULL = YES;
				CLANG_ANALYZER_NUMBER_OBJECT_CONVERSION = YES_AGGRESSIVE;
				CLANG_CXX_LANGUAGE_STANDARD = "gnu++20";
				CLANG_ENABLE_MODULES = YES;
				CLANG_ENABLE_OBJC_ARC = YES;
				CLANG_ENABLE_OBJC_WEAK = YES;
				CLANG_WARN_BLOCK_CAPTURE_AUTORELEASING = YES;
				CLANG_WARN_BOOL_CONVERSION = YES;
				CLANG_WARN_COMMA = YES;
				CLANG_WARN_CONSTANT_CONVERSION = YES;
				CLANG_WARN_DEPRECATED_OBJC_IMPLEMENTATIONS = YES;
				CLANG_WARN_DIRECT_OBJC_ISA_USAGE = YES_ERROR;
				CLANG_WARN_DOCUMENTATION_COMMENTS = YES;
				CLANG_WARN_EMPTY_BODY = YES;
				CLANG_WARN_ENUM_CONVERSION = YES;
				CLANG_WARN_INFINITE_RECURSION = YES;
				CLANG_WARN_INT_CONVERSION = YES;
				CLANG_WARN_NON_LITERAL_NULL_CONVERSION = YES;
				CLANG_WARN_OBJC_IMPLICIT_RETAIN_SELF = YES;
				CLANG_WARN_OBJC_LITERAL_CONVERSION = YES;
				CLANG_WARN_OBJC_ROOT_CLASS = YES_ERROR;
				CLANG_WARN_QUOTED_INCLUDE_IN_FRAMEWORK_HEADER = YES;
				CLANG_WARN_RANGE_LOOP_ANALYSIS = YES;
				CLANG_WARN_STRICT_PROTOTYPES = YES;
				CLANG_WARN_SUSPICIOUS_MOVE = YES;
				CLANG_WARN_UNGUARDED_AVAILABILITY = YES_AGGRESSIVE;
				CLANG_WARN_UNREACHABLE_CODE = YES;
				CLANG_WARN__DUPLICATE_METHOD_MATCH = YES;
				COPY_PHASE_STRIP = NO;
				DEBUG_INFORMATION_FORMAT = dwarf;
				ENABLE_STRICT_OBJC_MSGSEND = YES;
				ENABLE_TESTABILITY = YES;
				ENABLE_USER_SCRIPT_SANDBOXING = YES;
				GCC_C_LANGUAGE_STANDARD = gnu17;
				GCC_DYNAMIC_NO_PIC = NO;
				GCC_NO_COMMON_BLOCKS = YES;
				GCC_OPTIMIZATION_LEVEL = 0;
				GCC_PREPROCESSOR_DEFINITIONS = (
					"DEBUG=1",
					"$(inherited)",
				);
				GCC_WARN_64_TO_32_BIT_CONVERSION = YES;
				GCC_WARN_ABOUT_RETURN_TYPE = YES_ERROR;
				GCC_WARN_UNDECLARED_SELECTOR = YES;
				GCC_WARN_UNINITIALIZED_AUTOS = YES_AGGRESSIVE;
				GCC_WARN_UNUSED_FUNCTION = YES;
				GCC_WARN_UNUSED_VARIABLE = YES;
				IPHONEOS_DEPLOYMENT_TARGET = 17.0;
				LOCALIZATION_PREFERS_STRING_CATALOGS = YES;
				MTL_ENABLE_DEBUG_INFO = INCLUDE_SOURCE;
				MTL_FAST_MATH = YES;
				ONLY_ACTIVE_ARCH = YES;
				SDKROOT = iphoneos;
				SWIFT_ACTIVE_COMPILATION_CONDITIONS = "DEBUG $(inherited)";
				SWIFT_OPTIMIZATION_LEVEL = "-Onone";
			};
			name = Debug;
		};
		A10000090000000000000002 /* Release */ = {
			isa = XCBuildConfiguration;
			buildSettings = {
				ALWAYS_SEARCH_USER_PATHS = NO;
				ASSETCATALOG_COMPILER_GENERATE_SWIFT_ASSET_SYMBOL_EXTENSIONS = YES;
				CLANG_ANALYZER_NONNULL = YES;
				CLANG_ANALYZER_NUMBER_OBJECT_CONVERSION = YES_AGGRESSIVE;
				CLANG_CXX_LANGUAGE_STANDARD = "gnu++20";
				CLANG_ENABLE_MODULES = YES;
				CLANG_ENABLE_OBJC_ARC = YES;
				CLANG_ENABLE_OBJC_WEAK = YES;
				CLANG_WARN_BLOCK_CAPTURE_AUTORELEASING = YES;
				CLANG_WARN_BOOL_CONVERSION = YES;
				CLANG_WARN_COMMA = YES;
				CLANG_WARN_CONSTANT_CONVERSION = YES;
				CLANG_WARN_DEPRECATED_OBJC_IMPLEMENTATIONS = YES;
				CLANG_WARN_DIRECT_OBJC_ISA_USAGE = YES_ERROR;
				CLANG_WARN_DOCUMENTATION_COMMENTS = YES;
				CLANG_WARN_EMPTY_BODY = YES;
				CLANG_WARN_ENUM_CONVERSION = YES;
				CLANG_WARN_INFINITE_RECURSION = YES;
				CLANG_WARN_INT_CONVERSION = YES;
				CLANG_WARN_NON_LITERAL_NULL_CONVERSION = YES;
				CLANG_WARN_OBJC_IMPLICIT_RETAIN_SELF = YES;
				CLANG_WARN_OBJC_LITERAL_CONVERSION = YES;
				CLANG_WARN_OBJC_ROOT_CLASS = YES_ERROR;
				CLANG_WARN_QUOTED_INCLUDE_IN_FRAMEWORK_HEADER = YES;
				CLANG_WARN_RANGE_LOOP_ANALYSIS = YES;
				CLANG_WARN_STRICT_PROTOTYPES = YES;
				CLANG_WARN_SUSPICIOUS_MOVE = YES;
				CLANG_WARN_UNGUARDED_AVAILABILITY = YES_AGGRESSIVE;
				CLANG_WARN_UNREACHABLE_CODE = YES;
				CLANG_WARN__DUPLICATE_METHOD_MATCH = YES;
				COPY_PHASE_STRIP = NO;
				DEBUG_INFORMATION_FORMAT = "dwarf-with-dsym";
				ENABLE_NS_ASSERTIONS = NO;
				ENABLE_STRICT_OBJC_MSGSEND = YES;
				ENABLE_USER_SCRIPT_SANDBOXING = YES;
				GCC_C_LANGUAGE_STANDARD = gnu17;
				GCC_NO_COMMON_BLOCKS = YES;
				GCC_WARN_64_TO_32_BIT_CONVERSION = YES;
				GCC_WARN_ABOUT_RETURN_TYPE = YES_ERROR;
				GCC_WARN_UNDECLARED_SELECTOR = YES;
				GCC_WARN_UNINITIALIZED_AUTOS = YES_AGGRESSIVE;
				GCC_WARN_UNUSED_FUNCTION = YES;
				GCC_WARN_UNUSED_VARIABLE = YES;
				IPHONEOS_DEPLOYMENT_TARGET = 17.0;
				LOCALIZATION_PREFERS_STRING_CATALOGS = YES;
				MTL_ENABLE_DEBUG_INFO = NO;
				MTL_FAST_MATH = YES;
				SDKROOT = iphoneos;
				SWIFT_COMPILATION_MODE = wholemodule;
				VALIDATE_PRODUCT = YES;
			};
			name = Release;
		};
		A10000090000000000000003 /* Debug */ = {
			isa = XCBuildConfiguration;
			buildSettings = {
				ASSETCATALOG_COMPILER_APPICON_NAME = AppIcon;
				ASSETCATALOG_COMPILER_GLOBAL_ACCENT_COLOR_NAME = AccentColor;
				CODE_SIGN_STYLE = Automatic;
				CURRENT_PROJECT_VERSION = 1;
				DEVELOPMENT_TEAM = P2U3P8B923;
				ENABLE_PREVIEWS = YES;
				GENERATE_INFOPLIST_FILE = YES;
				INFOPLIST_FILE = Aperture/Info.plist;
				INFOPLIST_KEY_CFBundleDisplayName = Aperture;
				INFOPLIST_KEY_UIApplicationSceneManifest_Generation = YES;
				INFOPLIST_KEY_UIApplicationSupportsIndirectInputEvents = YES;
				INFOPLIST_KEY_UILaunchScreen_Generation = YES;
				INFOPLIST_KEY_UISupportedInterfaceOrientations_iPad = "UIInterfaceOrientationPortrait UIInterfaceOrientationPortraitUpsideDown UIInterfaceOrientationLandscapeLeft UIInterfaceOrientationLandscapeRight";
				INFOPLIST_KEY_UISupportedInterfaceOrientations_iPhone = "UIInterfaceOrientationPortrait UIInterfaceOrientationLandscapeLeft UIInterfaceOrientationLandscapeRight";
				LD_RUNPATH_SEARCH_PATHS = (
					"$(inherited)",
					"@executable_path/Frameworks",
				);
				MARKETING_VERSION = 0.1.0;
				PRODUCT_BUNDLE_IDENTIFIER = com.georgenijo.Aperture;
				PRODUCT_NAME = "$(TARGET_NAME)";
				SWIFT_EMIT_LOC_STRINGS = YES;
				SWIFT_STRICT_CONCURRENCY = complete;
				SWIFT_VERSION = 5.0;
				TARGETED_DEVICE_FAMILY = 1;
			};
			name = Debug;
		};
		A10000090000000000000004 /* Release */ = {
			isa = XCBuildConfiguration;
			buildSettings = {
				ASSETCATALOG_COMPILER_APPICON_NAME = AppIcon;
				ASSETCATALOG_COMPILER_GLOBAL_ACCENT_COLOR_NAME = AccentColor;
				CODE_SIGN_STYLE = Automatic;
				CURRENT_PROJECT_VERSION = 1;
				DEVELOPMENT_TEAM = P2U3P8B923;
				ENABLE_PREVIEWS = YES;
				GENERATE_INFOPLIST_FILE = YES;
				INFOPLIST_FILE = Aperture/Info.plist;
				INFOPLIST_KEY_CFBundleDisplayName = Aperture;
				INFOPLIST_KEY_UIApplicationSceneManifest_Generation = YES;
				INFOPLIST_KEY_UIApplicationSupportsIndirectInputEvents = YES;
				INFOPLIST_KEY_UILaunchScreen_Generation = YES;
				INFOPLIST_KEY_UISupportedInterfaceOrientations_iPad = "UIInterfaceOrientationPortrait UIInterfaceOrientationPortraitUpsideDown UIInterfaceOrientationLandscapeLeft UIInterfaceOrientationLandscapeRight";
				INFOPLIST_KEY_UISupportedInterfaceOrientations_iPhone = "UIInterfaceOrientationPortrait UIInterfaceOrientationLandscapeLeft UIInterfaceOrientationLandscapeRight";
				LD_RUNPATH_SEARCH_PATHS = (
					"$(inherited)",
					"@executable_path/Frameworks",
				);
				MARKETING_VERSION = 0.1.0;
				PRODUCT_BUNDLE_IDENTIFIER = com.georgenijo.Aperture;
				PRODUCT_NAME = "$(TARGET_NAME)";
				SWIFT_EMIT_LOC_STRINGS = YES;
				SWIFT_STRICT_CONCURRENCY = complete;
				SWIFT_VERSION = 5.0;
				TARGETED_DEVICE_FAMILY = 1;
			};
			name = Release;
		};
		B10000090000000000000001 /* Debug */ = {
			isa = XCBuildConfiguration;
			buildSettings = {
				BUNDLE_LOADER = "$(TEST_HOST)";
				CODE_SIGN_STYLE = Automatic;
				CURRENT_PROJECT_VERSION = 1;
				DEVELOPMENT_TEAM = P2U3P8B923;
				GENERATE_INFOPLIST_FILE = YES;
				IPHONEOS_DEPLOYMENT_TARGET = 17.0;
				PRODUCT_BUNDLE_IDENTIFIER = com.georgenijo.ApertureTests;
				PRODUCT_NAME = "$(TARGET_NAME)";
				SDKROOT = iphoneos;
				SWIFT_VERSION = 5.0;
				TARGETED_DEVICE_FAMILY = 1;
				TEST_HOST = "$(BUILT_PRODUCTS_DIR)/Aperture.app/Aperture";
			};
			name = Debug;
		};
		B10000090000000000000002 /* Release */ = {
			isa = XCBuildConfiguration;
			buildSettings = {
				BUNDLE_LOADER = "$(TEST_HOST)";
				CODE_SIGN_STYLE = Automatic;
				CURRENT_PROJECT_VERSION = 1;
				DEVELOPMENT_TEAM = P2U3P8B923;
				GENERATE_INFOPLIST_FILE = YES;
				IPHONEOS_DEPLOYMENT_TARGET = 17.0;
				PRODUCT_BUNDLE_IDENTIFIER = com.georgenijo.ApertureTests;
				PRODUCT_NAME = "$(TARGET_NAME)";
				SDKROOT = iphoneos;
				SWIFT_VERSION = 5.0;
				TARGETED_DEVICE_FAMILY = 1;
				TEST_HOST = "$(BUILT_PRODUCTS_DIR)/Aperture.app/Aperture";
			};
			name = Release;
		};
		C10000090000000000000001 /* Debug */ = {
			isa = XCBuildConfiguration;
			buildSettings = {
				CODE_SIGN_STYLE = Automatic;
				CURRENT_PROJECT_VERSION = 1;
				DEVELOPMENT_TEAM = P2U3P8B923;
				GENERATE_INFOPLIST_FILE = YES;
				IPHONEOS_DEPLOYMENT_TARGET = 17.0;
				PRODUCT_BUNDLE_IDENTIFIER = com.georgenijo.ApertureUITests;
				PRODUCT_NAME = "$(TARGET_NAME)";
				SDKROOT = iphoneos;
				SWIFT_VERSION = 5.0;
				TARGETED_DEVICE_FAMILY = 1;
				TEST_TARGET_NAME = Aperture;
			};
			name = Debug;
		};
		C10000090000000000000002 /* Release */ = {
			isa = XCBuildConfiguration;
			buildSettings = {
				CODE_SIGN_STYLE = Automatic;
				CURRENT_PROJECT_VERSION = 1;
				DEVELOPMENT_TEAM = P2U3P8B923;
				GENERATE_INFOPLIST_FILE = YES;
				IPHONEOS_DEPLOYMENT_TARGET = 17.0;
				PRODUCT_BUNDLE_IDENTIFIER = com.georgenijo.ApertureUITests;
				PRODUCT_NAME = "$(TARGET_NAME)";
				SDKROOT = iphoneos;
				SWIFT_VERSION = 5.0;
				TARGETED_DEVICE_FAMILY = 1;
				TEST_TARGET_NAME = Aperture;
			};
			name = Release;
		};
/* End XCBuildConfiguration section */

/* Begin XCConfigurationList section */
		A10000070000000000000001 /* Build configuration list for PBXNativeTarget "Aperture" */ = {
			isa = XCConfigurationList;
			buildConfigurations = (
				A10000090000000000000003 /* Debug */,
				A10000090000000000000004 /* Release */,
			);
			defaultConfigurationIsVisible = 0;
			defaultConfigurationName = Release;
		};
		A10000070000000000000003 /* Build configuration list for PBXProject "Aperture" */ = {
			isa = XCConfigurationList;
			buildConfigurations = (
				A10000090000000000000001 /* Debug */,
				A10000090000000000000002 /* Release */,
			);
			defaultConfigurationIsVisible = 0;
			defaultConfigurationName = Release;
		};
		B10000070000000000000001 /* Build configuration list for PBXNativeTarget "ApertureTests" */ = {
			isa = XCConfigurationList;
			buildConfigurations = (
				B10000090000000000000001 /* Debug */,
				B10000090000000000000002 /* Release */,
			);
			defaultConfigurationIsVisible = 0;
			defaultConfigurationName = Release;
		};
		C10000070000000000000001 /* Build configuration list for PBXNativeTarget "ApertureUITests" */ = {
			isa = XCConfigurationList;
			buildConfigurations = (
				C10000090000000000000001 /* Debug */,
				C10000090000000000000002 /* Release */,
			);
			defaultConfigurationIsVisible = 0;
			defaultConfigurationName = Release;
		};
/* End XCConfigurationList section */
	};
	rootObject = A10000080000000000000001 /* Project object */;
}
